
Microsoft Visual Studio Solution File, Format Version 12.00
# Visual Studio 14
VisualStudioVersion = 14.0.25420.1
MinimumVisualStudioVersion = 10.0.40219.1
Project("{FAE04EC0-301F-11D3-BF4B-00C04F79EFBC}") = "json-music-processor", "json-music-processor.csproj", "{F36798D9-0794-410E-915D-B8580D0744EB}"
EndProject
Global
	GlobalSection(SolutionConfigurationPlatforms) = preSolution
		Debug|Any CPU = Debug|Any CPU
		Release|Any CPU = Release|Any CPU
	EndGlobalSection
	GlobalSection(ProjectConfigurationPlatforms) = postSolution
		{F36798D9-0794-410E-915D-B8580D0744EB}.Debug|Any CPU.ActiveCfg = Debug|Any CPU
		{F36798D9-0794-410E-915D-B8580D0744EB}.Debug|Any CPU.Build.0 = Debug|Any CPU
		{F36798D9-0794-410E-915D-B8580D0744EB}.Release|Any CPU.ActiveCfg = Release|Any CPU
		{F36798D9-0794-410E-915D-B8580D0744EB}.Release|Any CPU.Build.0 = Release|Any CPU
	EndGlobalSection
	GlobalSection(SolutionProperties) = preSolution
		HideSolutionNode = FALSE
	EndGlobalSection
EndGlobal
