
Microsoft Visual Studio Solution File, Format Version 12.00
# Visual Studio 14
VisualStudioVersion = 14.0.25420.1
MinimumVisualStudioVersion = 10.0.40219.1
Project("{FAE04EC0-301F-11D3-BF4B-00C04F79EFBC}") = "app_auto_version_setup", "app_auto_version_setup.csproj", "{A425C85A-9B47-401E-B4AD-B7D9DA5A14B9}"
EndProject
Global
	GlobalSection(SolutionConfigurationPlatforms) = preSolution
		Debug|Any CPU = Debug|Any CPU
		Release|Any CPU = Release|Any CPU
	EndGlobalSection
	GlobalSection(ProjectConfigurationPlatforms) = postSolution
		{A425C85A-9B47-401E-B4AD-B7D9DA5A14B9}.Debug|Any CPU.ActiveCfg = Debug|Any CPU
		{A425C85A-9B47-401E-B4AD-B7D9DA5A14B9}.Debug|Any CPU.Build.0 = Debug|Any CPU
		{A425C85A-9B47-401E-B4AD-B7D9DA5A14B9}.Release|Any CPU.ActiveCfg = Release|Any CPU
		{A425C85A-9B47-401E-B4AD-B7D9DA5A14B9}.Release|Any CPU.Build.0 = Release|Any CPU
	EndGlobalSection
	GlobalSection(SolutionProperties) = preSolution
		HideSolutionNode = FALSE
	EndGlobalSection
EndGlobal
